
Microsoft Visual Studio Solution File, Format Version 12.00
# Visual Studio Version 17
VisualStudioVersion = 17.6.33829.357
MinimumVisualStudioVersion = 10.0.40219.1
Project("{FAE04EC0-301F-11D3-BF4B-00C04F79EFBC}") = "List04", "List04.csproj", "{4B6EDFF1-F1D5-48EA-969E-23C5D3B30BE4}"
EndProject
Global
	GlobalSection(SolutionConfigurationPlatforms) = preSolution
		Debug|Any CPU = Debug|Any CPU
		Release|Any CPU = Release|Any CPU
	EndGlobalSection
	GlobalSection(ProjectConfigurationPlatforms) = postSolution
		{4B6EDFF1-F1D5-48EA-969E-23C5D3B30BE4}.Debug|Any CPU.ActiveCfg = Debug|Any CPU
		{4B6EDFF1-F1D5-48EA-969E-23C5D3B30BE4}.Debug|Any CPU.Build.0 = Debug|Any CPU
		{4B6EDFF1-F1D5-48EA-969E-23C5D3B30BE4}.Release|Any CPU.ActiveCfg = Release|Any CPU
		{4B6EDFF1-F1D5-48EA-969E-23C5D3B30BE4}.Release|Any CPU.Build.0 = Release|Any CPU
	EndGlobalSection
	GlobalSection(SolutionProperties) = preSolution
		HideSolutionNode = FALSE
	EndGlobalSection
	GlobalSection(ExtensibilityGlobals) = postSolution
		SolutionGuid = {949345F9-A7AE-482B-A21C-799BC3A614F2}
	EndGlobalSection
EndGlobal
