
Microsoft Visual Studio Solution File, Format Version 12.00
# Visual Studio 15
VisualStudioVersion = 15.0.27004.2008
MinimumVisualStudioVersion = 10.0.40219.1
Project("{FAE04EC0-301F-11D3-BF4B-00C04F79EFBC}") = "MongoDBClient", "MongoDBClient\MongoDBClient.csproj", "{4CD4A1EA-99DC-4C30-B2AD-88AD154AF539}"
EndProject
Global
	GlobalSection(SolutionConfigurationPlatforms) = preSolution
		Debug|Any CPU = Debug|Any CPU
		Release|Any CPU = Release|Any CPU
	EndGlobalSection
	GlobalSection(ProjectConfigurationPlatforms) = postSolution
		{4CD4A1EA-99DC-4C30-B2AD-88AD154AF539}.Debug|Any CPU.ActiveCfg = Debug|Any CPU
		{4CD4A1EA-99DC-4C30-B2AD-88AD154AF539}.Debug|Any CPU.Build.0 = Debug|Any CPU
		{4CD4A1EA-99DC-4C30-B2AD-88AD154AF539}.Release|Any CPU.ActiveCfg = Release|Any CPU
		{4CD4A1EA-99DC-4C30-B2AD-88AD154AF539}.Release|Any CPU.Build.0 = Release|Any CPU
	EndGlobalSection
	GlobalSection(SolutionProperties) = preSolution
		HideSolutionNode = FALSE
	EndGlobalSection
	GlobalSection(ExtensibilityGlobals) = postSolution
		SolutionGuid = {B587B8FC-FBCE-4BE6-977A-915F032F8E8B}
	EndGlobalSection
EndGlobal
