
Microsoft Visual Studio Solution File, Format Version 12.00
# Visual Studio Version 17
VisualStudioVersion = 17.6.33829.357
MinimumVisualStudioVersion = 10.0.40219.1
Project("{FAE04EC0-301F-11D3-BF4B-00C04F79EFBC}") = "List004", "List004.csproj", "{9DA99126-50A7-4A2E-BFD7-3336FD9E7897}"
EndProject
Global
	GlobalSection(SolutionConfigurationPlatforms) = preSolution
		Debug|Any CPU = Debug|Any CPU
		Release|Any CPU = Release|Any CPU
	EndGlobalSection
	GlobalSection(ProjectConfigurationPlatforms) = postSolution
		{9DA99126-50A7-4A2E-BFD7-3336FD9E7897}.Debug|Any CPU.ActiveCfg = Debug|Any CPU
		{9DA99126-50A7-4A2E-BFD7-3336FD9E7897}.Debug|Any CPU.Build.0 = Debug|Any CPU
		{9DA99126-50A7-4A2E-BFD7-3336FD9E7897}.Release|Any CPU.ActiveCfg = Release|Any CPU
		{9DA99126-50A7-4A2E-BFD7-3336FD9E7897}.Release|Any CPU.Build.0 = Release|Any CPU
	EndGlobalSection
	GlobalSection(SolutionProperties) = preSolution
		HideSolutionNode = FALSE
	EndGlobalSection
	GlobalSection(ExtensibilityGlobals) = postSolution
		SolutionGuid = {E3C46215-4891-4F55-BDBE-7067004E373B}
	EndGlobalSection
EndGlobal
