
Microsoft Visual Studio Solution File, Format Version 12.00
# Visual Studio Version 17
VisualStudioVersion = 17.6.33829.357
MinimumVisualStudioVersion = 10.0.40219.1
Project("{FAE04EC0-301F-11D3-BF4B-00C04F79EFBC}") = "Solution", "Solution.csproj", "{220537AE-73A7-45F0-84B3-D581A1330042}"
EndProject
Global
	GlobalSection(SolutionConfigurationPlatforms) = preSolution
		Debug|Any CPU = Debug|Any CPU
		Release|Any CPU = Release|Any CPU
	EndGlobalSection
	GlobalSection(ProjectConfigurationPlatforms) = postSolution
		{220537AE-73A7-45F0-84B3-D581A1330042}.Debug|Any CPU.ActiveCfg = Debug|Any CPU
		{220537AE-73A7-45F0-84B3-D581A1330042}.Debug|Any CPU.Build.0 = Debug|Any CPU
		{220537AE-73A7-45F0-84B3-D581A1330042}.Release|Any CPU.ActiveCfg = Release|Any CPU
		{220537AE-73A7-45F0-84B3-D581A1330042}.Release|Any CPU.Build.0 = Release|Any CPU
	EndGlobalSection
	GlobalSection(SolutionProperties) = preSolution
		HideSolutionNode = FALSE
	EndGlobalSection
	GlobalSection(ExtensibilityGlobals) = postSolution
		SolutionGuid = {FA396781-7E20-4D35-B411-BD028D6D0775}
	EndGlobalSection
EndGlobal
