
Microsoft Visual Studio Solution File, Format Version 12.00
# Visual Studio Version 17
VisualStudioVersion = 17.10.34916.146
MinimumVisualStudioVersion = 10.0.40219.1
Project("{FAE04EC0-301F-11D3-BF4B-00C04F79EFBC}") = "List08", "List08.csproj", "{B8A9893D-1D0B-417D-A8DB-97F29E41178C}"
EndProject
Global
	GlobalSection(SolutionConfigurationPlatforms) = preSolution
		Debug|Any CPU = Debug|Any CPU
		Release|Any CPU = Release|Any CPU
	EndGlobalSection
	GlobalSection(ProjectConfigurationPlatforms) = postSolution
		{B8A9893D-1D0B-417D-A8DB-97F29E41178C}.Debug|Any CPU.ActiveCfg = Debug|Any CPU
		{B8A9893D-1D0B-417D-A8DB-97F29E41178C}.Debug|Any CPU.Build.0 = Debug|Any CPU
		{B8A9893D-1D0B-417D-A8DB-97F29E41178C}.Release|Any CPU.ActiveCfg = Release|Any CPU
		{B8A9893D-1D0B-417D-A8DB-97F29E41178C}.Release|Any CPU.Build.0 = Release|Any CPU
	EndGlobalSection
	GlobalSection(SolutionProperties) = preSolution
		HideSolutionNode = FALSE
	EndGlobalSection
	GlobalSection(ExtensibilityGlobals) = postSolution
		SolutionGuid = {852F2B92-C073-4DCF-8262-8D1F1722F84C}
	EndGlobalSection
EndGlobal
